// !$*UTF8*$!
{
	archiveVersion = 1;
	classes = {
	};
	objectVersion = 51;
	objects = {

/* Begin PBXAggregateTarget section */
		81C7253225D46D3600FEC0C1 /* AggregateFramework */ = {
			isa = PBXAggregateTarget;
			buildConfigurationList = 81C7253525D46D3600FEC0C1 /* Build configuration list for PBXAggregateTarget "AggregateFramework" */;
			buildPhases = (
				81C7253925D46D5100FEC0C1 /* ShellScript */,
			);
			dependencies = (
			);
			name = AggregateFramework;
			productName = AggregateFramework;
		};
/* End PBXAggregateTarget section */

/* Begin PBXBuildFile section */
		3784D85A36A86CE836150AE0 /* Pods_EasyMQTTKit_EasyMQTTKitTests.framework in Frameworks */ = {isa = PBXBuildFile; fileRef = 149D15C0A8FB6EF9EB6BE844 /* Pods_EasyMQTTKit_EasyMQTTKitTests.framework */; };
		683713FE258F34B600305CB0 /* EasyMQTTKit.framework in Frameworks */ = {isa = PBXBuildFile; fileRef = 683713F4258F34B600305CB0 /* EasyMQTTKit.framework */; };
		68371403258F34B600305CB0 /* EasyMQTTKitTests.swift in Sources */ = {isa = PBXBuildFile; fileRef = 68371402258F34B600305CB0 /* EasyMQTTKitTests.swift */; };
		68371405258F34B600305CB0 /* EasyMQTTKit.h in Headers */ = {isa = PBXBuildFile; fileRef = 683713F7258F34B600305CB0 /* EasyMQTTKit.h */; settings = {ATTRIBUTES = (Public, ); }; };
		68371417258F34E500305CB0 /* MqttBroker.swift in Sources */ = {isa = PBXBuildFile; fileRef = 68371410258F34E500305CB0 /* MqttBroker.swift */; };
		68371418258F34E500305CB0 /* OSLog+logs.swift in Sources */ = {isa = PBXBuildFile; fileRef = 68371411258F34E500305CB0 /* OSLog+logs.swift */; };
		68371419258F34E500305CB0 /* MQTTMessageModel.swift in Sources */ = {isa = PBXBuildFile; fileRef = 68371412258F34E500305CB0 /* MQTTMessageModel.swift */; };
		6837141B258F34E500305CB0 /* PublishMqttMessageModel.swift in Sources */ = {isa = PBXBuildFile; fileRef = 68371414258F34E500305CB0 /* PublishMqttMessageModel.swift */; };
		6837141D258F34E500305CB0 /* EasyMqttClient.swift in Sources */ = {isa = PBXBuildFile; fileRef = 68371416258F34E500305CB0 /* EasyMqttClient.swift */; };
		68371475258F398400305CB0 /* Storage.swift in Sources */ = {isa = PBXBuildFile; fileRef = 68371474258F398400305CB0 /* Storage.swift */; };
		68371479258F39CB00305CB0 /* Constants.swift in Sources */ = {isa = PBXBuildFile; fileRef = 68371478258F39CB00305CB0 /* Constants.swift */; };
		AC4D252B566878DD366ED914 /* Pods_EasyMQTTKit.framework in Frameworks */ = {isa = PBXBuildFile; fileRef = C9C2ADDCB4B4CA256382B165 /* Pods_EasyMQTTKit.framework */; };
/* End PBXBuildFile section */

/* Begin PBXContainerItemProxy section */
		683713FF258F34B600305CB0 /* PBXContainerItemProxy */ = {
			isa = PBXContainerItemProxy;
			containerPortal = 683713EB258F34B600305CB0 /* Project object */;
			proxyType = 1;
			remoteGlobalIDString = 683713F3258F34B600305CB0;
			remoteInfo = EasyMQTTKit;
		};
/* End PBXContainerItemProxy section */

/* Begin PBXFileReference section */
		149D15C0A8FB6EF9EB6BE844 /* Pods_EasyMQTTKit_EasyMQTTKitTests.framework */ = {isa = PBXFileReference; explicitFileType = wrapper.framework; includeInIndex = 0; path = Pods_EasyMQTTKit_EasyMQTTKitTests.framework; sourceTree = BUILT_PRODUCTS_DIR; };
		6801245748F95338D2E84B3F /* Pods-EasyMQTTKit-EasyMQTTKitTests.debug.xcconfig */ = {isa = PBXFileReference; includeInIndex = 1; lastKnownFileType = text.xcconfig; name = "Pods-EasyMQTTKit-EasyMQTTKitTests.debug.xcconfig"; path = "Target Support Files/Pods-EasyMQTTKit-EasyMQTTKitTests/Pods-EasyMQTTKit-EasyMQTTKitTests.debug.xcconfig"; sourceTree = "<group>"; };
		683713F4258F34B600305CB0 /* EasyMQTTKit.framework */ = {isa = PBXFileReference; explicitFileType = wrapper.framework; includeInIndex = 0; path = EasyMQTTKit.framework; sourceTree = BUILT_PRODUCTS_DIR; };
		683713F7258F34B600305CB0 /* EasyMQTTKit.h */ = {isa = PBXFileReference; lastKnownFileType = sourcecode.c.h; path = EasyMQTTKit.h; sourceTree = "<group>"; };
		683713F8258F34B600305CB0 /* Info.plist */ = {isa = PBXFileReference; lastKnownFileType = text.plist.xml; path = Info.plist; sourceTree = "<group>"; };
		683713FD258F34B600305CB0 /* EasyMQTTKitTests.xctest */ = {isa = PBXFileReference; explicitFileType = wrapper.cfbundle; includeInIndex = 0; path = EasyMQTTKitTests.xctest; sourceTree = BUILT_PRODUCTS_DIR; };
		68371402258F34B600305CB0 /* EasyMQTTKitTests.swift */ = {isa = PBXFileReference; lastKnownFileType = sourcecode.swift; path = EasyMQTTKitTests.swift; sourceTree = "<group>"; };
		68371404258F34B600305CB0 /* Info.plist */ = {isa = PBXFileReference; lastKnownFileType = text.plist.xml; path = Info.plist; sourceTree = "<group>"; };
		68371410258F34E500305CB0 /* MqttBroker.swift */ = {isa = PBXFileReference; fileEncoding = 4; lastKnownFileType = sourcecode.swift; path = MqttBroker.swift; sourceTree = "<group>"; };
		68371411258F34E500305CB0 /* OSLog+logs.swift */ = {isa = PBXFileReference; fileEncoding = 4; lastKnownFileType = sourcecode.swift; path = "OSLog+logs.swift"; sourceTree = "<group>"; };
		68371412258F34E500305CB0 /* MQTTMessageModel.swift */ = {isa = PBXFileReference; fileEncoding = 4; lastKnownFileType = sourcecode.swift; path = MQTTMessageModel.swift; sourceTree = "<group>"; };
		68371414258F34E500305CB0 /* PublishMqttMessageModel.swift */ = {isa = PBXFileReference; fileEncoding = 4; lastKnownFileType = sourcecode.swift; path = PublishMqttMessageModel.swift; sourceTree = "<group>"; };
		68371416258F34E500305CB0 /* EasyMqttClient.swift */ = {isa = PBXFileReference; fileEncoding = 4; lastKnownFileType = sourcecode.swift; path = EasyMqttClient.swift; sourceTree = "<group>"; };
		68371474258F398400305CB0 /* Storage.swift */ = {isa = PBXFileReference; fileEncoding = 4; lastKnownFileType = sourcecode.swift; path = Storage.swift; sourceTree = "<group>"; };
		68371478258F39CB00305CB0 /* Constants.swift */ = {isa = PBXFileReference; fileEncoding = 4; lastKnownFileType = sourcecode.swift; path = Constants.swift; sourceTree = "<group>"; };
		6942F407A61B1B3C5ED397DF /* Pods-EasyMQTTKit.release.xcconfig */ = {isa = PBXFileReference; includeInIndex = 1; lastKnownFileType = text.xcconfig; name = "Pods-EasyMQTTKit.release.xcconfig"; path = "Target Support Files/Pods-EasyMQTTKit/Pods-EasyMQTTKit.release.xcconfig"; sourceTree = "<group>"; };
		85EEDECA78F30861C073DE01 /* Pods-EasyMQTTKit-EasyMQTTKitTests.release.xcconfig */ = {isa = PBXFileReference; includeInIndex = 1; lastKnownFileType = text.xcconfig; name = "Pods-EasyMQTTKit-EasyMQTTKitTests.release.xcconfig"; path = "Target Support Files/Pods-EasyMQTTKit-EasyMQTTKitTests/Pods-EasyMQTTKit-EasyMQTTKitTests.release.xcconfig"; sourceTree = "<group>"; };
		C9C2ADDCB4B4CA256382B165 /* Pods_EasyMQTTKit.framework */ = {isa = PBXFileReference; explicitFileType = wrapper.framework; includeInIndex = 0; path = Pods_EasyMQTTKit.framework; sourceTree = BUILT_PRODUCTS_DIR; };
		CC771BA156D71088A7D825A8 /* Pods-EasyMQTTKit.debug.xcconfig */ = {isa = PBXFileReference; includeInIndex = 1; lastKnownFileType = text.xcconfig; name = "Pods-EasyMQTTKit.debug.xcconfig"; path = "Target Support Files/Pods-EasyMQTTKit/Pods-EasyMQTTKit.debug.xcconfig"; sourceTree = "<group>"; };
/* End PBXFileReference section */

/* Begin PBXFrameworksBuildPhase section */
		683713F1258F34B600305CB0 /* Frameworks */ = {
			isa = PBXFrameworksBuildPhase;
			buildActionMask = 2147483647;
			files = (
				AC4D252B566878DD366ED914 /* Pods_EasyMQTTKit.framework in Frameworks */,
			);
			runOnlyForDeploymentPostprocessing = 0;
		};
		683713FA258F34B600305CB0 /* Frameworks */ = {
			isa = PBXFrameworksBuildPhase;
			buildActionMask = 2147483647;
			files = (
				683713FE258F34B600305CB0 /* EasyMQTTKit.framework in Frameworks */,
				3784D85A36A86CE836150AE0 /* Pods_EasyMQTTKit_EasyMQTTKitTests.framework in Frameworks */,
			);
			runOnlyForDeploymentPostprocessing = 0;
		};
/* End PBXFrameworksBuildPhase section */

/* Begin PBXGroup section */
		56BC7AC2D236F4A132C2A265 /* Frameworks */ = {
			isa = PBXGroup;
			children = (
				C9C2ADDCB4B4CA256382B165 /* Pods_EasyMQTTKit.framework */,
				149D15C0A8FB6EF9EB6BE844 /* Pods_EasyMQTTKit_EasyMQTTKitTests.framework */,
			);
			name = Frameworks;
			sourceTree = "<group>";
		};
		683713EA258F34B600305CB0 = {
			isa = PBXGroup;
			children = (
				683713F6258F34B600305CB0 /* EasyMQTTKit */,
				68371401258F34B600305CB0 /* EasyMQTTKitTests */,
				683713F5258F34B600305CB0 /* Products */,
				D00F7C193C8E85C0F066175A /* Pods */,
				56BC7AC2D236F4A132C2A265 /* Frameworks */,
			);
			sourceTree = "<group>";
		};
		683713F5258F34B600305CB0 /* Products */ = {
			isa = PBXGroup;
			children = (
				683713F4258F34B600305CB0 /* EasyMQTTKit.framework */,
				683713FD258F34B600305CB0 /* EasyMQTTKitTests.xctest */,
			);
			name = Products;
			sourceTree = "<group>";
		};
		683713F6258F34B600305CB0 /* EasyMQTTKit */ = {
			isa = PBXGroup;
			children = (
				68371478258F39CB00305CB0 /* Constants.swift */,
				68371474258F398400305CB0 /* Storage.swift */,
				68371416258F34E500305CB0 /* EasyMqttClient.swift */,
				68371410258F34E500305CB0 /* MqttBroker.swift */,
				68371412258F34E500305CB0 /* MQTTMessageModel.swift */,
				68371411258F34E500305CB0 /* OSLog+logs.swift */,
				68371414258F34E500305CB0 /* PublishMqttMessageModel.swift */,
				683713F7258F34B600305CB0 /* EasyMQTTKit.h */,
				683713F8258F34B600305CB0 /* Info.plist */,
			);
			path = EasyMQTTKit;
			sourceTree = "<group>";
		};
		68371401258F34B600305CB0 /* EasyMQTTKitTests */ = {
			isa = PBXGroup;
			children = (
				68371402258F34B600305CB0 /* EasyMQTTKitTests.swift */,
				68371404258F34B600305CB0 /* Info.plist */,
			);
			path = EasyMQTTKitTests;
			sourceTree = "<group>";
		};
		D00F7C193C8E85C0F066175A /* Pods */ = {
			isa = PBXGroup;
			children = (
				CC771BA156D71088A7D825A8 /* Pods-EasyMQTTKit.debug.xcconfig */,
				6942F407A61B1B3C5ED397DF /* Pods-EasyMQTTKit.release.xcconfig */,
				6801245748F95338D2E84B3F /* Pods-EasyMQTTKit-EasyMQTTKitTests.debug.xcconfig */,
				85EEDECA78F30861C073DE01 /* Pods-EasyMQTTKit-EasyMQTTKitTests.release.xcconfig */,
			);
			path = Pods;
			sourceTree = "<group>";
		};
/* End PBXGroup section */

/* Begin PBXHeadersBuildPhase section */
		683713EF258F34B600305CB0 /* Headers */ = {
			isa = PBXHeadersBuildPhase;
			buildActionMask = 2147483647;
			files = (
				68371405258F34B600305CB0 /* EasyMQTTKit.h in Headers */,
			);
			runOnlyForDeploymentPostprocessing = 0;
		};
/* End PBXHeadersBuildPhase section */

/* Begin PBXNativeTarget section */
		683713F3258F34B600305CB0 /* EasyMQTTKit */ = {
			isa = PBXNativeTarget;
			buildConfigurationList = 68371408258F34B600305CB0 /* Build configuration list for PBXNativeTarget "EasyMQTTKit" */;
			buildPhases = (
				2ABE3BA2EBBADF672F6FD225 /* [CP] Check Pods Manifest.lock */,
				683713EF258F34B600305CB0 /* Headers */,
				683713F0258F34B600305CB0 /* Sources */,
				683713F1258F34B600305CB0 /* Frameworks */,
				683713F2258F34B600305CB0 /* Resources */,
			);
			buildRules = (
			);
			dependencies = (
			);
			name = EasyMQTTKit;
			productName = EasyMQTTKit;
			productReference = 683713F4258F34B600305CB0 /* EasyMQTTKit.framework */;
			productType = "com.apple.product-type.framework";
		};
		683713FC258F34B600305CB0 /* EasyMQTTKitTests */ = {
			isa = PBXNativeTarget;
			buildConfigurationList = 6837140B258F34B600305CB0 /* Build configuration list for PBXNativeTarget "EasyMQTTKitTests" */;
			buildPhases = (
				4F43DDBAB45895E582B70A36 /* [CP] Check Pods Manifest.lock */,
				683713F9258F34B600305CB0 /* Sources */,
				683713FA258F34B600305CB0 /* Frameworks */,
				683713FB258F34B600305CB0 /* Resources */,
				D706BAF80998682914D302B0 /* [CP] Embed Pods Frameworks */,
			);
			buildRules = (
			);
			dependencies = (
				68371400258F34B600305CB0 /* PBXTargetDependency */,
			);
			name = EasyMQTTKitTests;
			productName = EasyMQTTKitTests;
			productReference = 683713FD258F34B600305CB0 /* EasyMQTTKitTests.xctest */;
			productType = "com.apple.product-type.bundle.unit-test";
		};
/* End PBXNativeTarget section */

/* Begin PBXProject section */
		683713EB258F34B600305CB0 /* Project object */ = {
			isa = PBXProject;
			attributes = {
				LastSwiftUpdateCheck = 1220;
				LastUpgradeCheck = 1220;
				TargetAttributes = {
					683713F3258F34B600305CB0 = {
						CreatedOnToolsVersion = 12.2;
						LastSwiftMigration = 1220;
					};
					683713FC258F34B600305CB0 = {
						CreatedOnToolsVersion = 12.2;
					};
					81C7253225D46D3600FEC0C1 = {
						CreatedOnToolsVersion = 12.4;
					};
				};
			};
			buildConfigurationList = 683713EE258F34B600305CB0 /* Build configuration list for PBXProject "EasyMQTTKit" */;
			compatibilityVersion = "Xcode 9.3";
			developmentRegion = en;
			hasScannedForEncodings = 0;
			knownRegions = (
				en,
				Base,
			);
			mainGroup = 683713EA258F34B600305CB0;
			productRefGroup = 683713F5258F34B600305CB0 /* Products */;
			projectDirPath = "";
			projectRoot = "";
			targets = (
				683713F3258F34B600305CB0 /* EasyMQTTKit */,
				683713FC258F34B600305CB0 /* EasyMQTTKitTests */,
				81C7253225D46D3600FEC0C1 /* AggregateFramework */,
			);
		};
/* End PBXProject section */

/* Begin PBXResourcesBuildPhase section */
		683713F2258F34B600305CB0 /* Resources */ = {
			isa = PBXResourcesBuildPhase;
			buildActionMask = 2147483647;
			files = (
			);
			runOnlyForDeploymentPostprocessing = 0;
		};
		683713FB258F34B600305CB0 /* Resources */ = {
			isa = PBXResourcesBuildPhase;
			buildActionMask = 2147483647;
			files = (
			);
			runOnlyForDeploymentPostprocessing = 0;
		};
/* End PBXResourcesBuildPhase section */

/* Begin PBXShellScriptBuildPhase section */
		2ABE3BA2EBBADF672F6FD225 /* [CP] Check Pods Manifest.lock */ = {
			isa = PBXShellScriptBuildPhase;
			buildActionMask = 2147483647;
			files = (
			);
			inputFileListPaths = (
			);
			inputPaths = (
				"${PODS_PODFILE_DIR_PATH}/Podfile.lock",
				"${PODS_ROOT}/Manifest.lock",
			);
			name = "[CP] Check Pods Manifest.lock";
			outputFileListPaths = (
			);
			outputPaths = (
				"$(DERIVED_FILE_DIR)/Pods-EasyMQTTKit-checkManifestLockResult.txt",
			);
			runOnlyForDeploymentPostprocessing = 0;
			shellPath = /bin/sh;
			shellScript = "diff \"${PODS_PODFILE_DIR_PATH}/Podfile.lock\" \"${PODS_ROOT}/Manifest.lock\" > /dev/null\nif [ $? != 0 ] ; then\n    # print error to STDERR\n    echo \"error: The sandbox is not in sync with the Podfile.lock. Run 'pod install' or update your CocoaPods installation.\" >&2\n    exit 1\nfi\n# This output is used by Xcode 'outputs' to avoid re-running this script phase.\necho \"SUCCESS\" > \"${SCRIPT_OUTPUT_FILE_0}\"\n";
			showEnvVarsInLog = 0;
		};
		4F43DDBAB45895E582B70A36 /* [CP] Check Pods Manifest.lock */ = {
			isa = PBXShellScriptBuildPhase;
			buildActionMask = 2147483647;
			files = (
			);
			inputFileListPaths = (
			);
			inputPaths = (
				"${PODS_PODFILE_DIR_PATH}/Podfile.lock",
				"${PODS_ROOT}/Manifest.lock",
			);
			name = "[CP] Check Pods Manifest.lock";
			outputFileListPaths = (
			);
			outputPaths = (
				"$(DERIVED_FILE_DIR)/Pods-EasyMQTTKit-EasyMQTTKitTests-checkManifestLockResult.txt",
			);
			runOnlyForDeploymentPostprocessing = 0;
			shellPath = /bin/sh;
			shellScript = "diff \"${PODS_PODFILE_DIR_PATH}/Podfile.lock\" \"${PODS_ROOT}/Manifest.lock\" > /dev/null\nif [ $? != 0 ] ; then\n    # print error to STDERR\n    echo \"error: The sandbox is not in sync with the Podfile.lock. Run 'pod install' or update your CocoaPods installation.\" >&2\n    exit 1\nfi\n# This output is used by Xcode 'outputs' to avoid re-running this script phase.\necho \"SUCCESS\" > \"${SCRIPT_OUTPUT_FILE_0}\"\n";
			showEnvVarsInLog = 0;
		};
		81C7253925D46D5100FEC0C1 /* ShellScript */ = {
			isa = PBXShellScriptBuildPhase;
			buildActionMask = 2147483647;
			files = (
			);
			inputFileListPaths = (
			);
			inputPaths = (
			);
			outputFileListPaths = (
			);
			outputPaths = (
			);
			runOnlyForDeploymentPostprocessing = 0;
			shellPath = /bin/sh;
			shellScript = "SCHEME_NAME=\"EasyMQTTKit\"\nFRAMEWORK_NAME=\"EasyMQTTKit\"\nSIMULATOR_ARCHIVE_PATH=\"${BUILD_DIR}/${CONFIGURATION}/${FRAMEWORK_NAME}-iphonesimulator.xcarchive\"\nDEVICE_ARCHIVE_PATH=\"${BUILD_DIR}/${CONFIGURATION}/${FRAMEWORK_NAME}-iphoneos.xcarchive\"\nOUTPUT_DIC=\"./xcframework/\"\n# Simulator xcarchieve\nxcodebuild archive \\\n  -workspace \"EasyMQTTKit.xcworkspace\" \\\n  -scheme ${SCHEME_NAME} \\\n  -archivePath ${SIMULATOR_ARCHIVE_PATH} \\\n  -sdk iphonesimulator \\\n  SKIP_INSTALL=NO\n# Device xcarchieve\nxcodebuild archive \\\n  -workspace \"EasyMQTTKit.xcworkspace\" \\\n  -scheme ${SCHEME_NAME} \\\n  -archivePath ${DEVICE_ARCHIVE_PATH} \\\n  -sdk iphoneos \\\n  SKIP_INSTALL=NO\n# Clean up old output directory\nrm -rf \"${OUTPUT_DIC}\"\n# Create xcframwork combine of all frameworks\nxcodebuild -create-xcframework \\\n  -framework ${SIMULATOR_ARCHIVE_PATH}/Products/Library/Frameworks/${FRAMEWORK_NAME}.framework \\\n  -framework ${DEVICE_ARCHIVE_PATH}/Products/Library/Frameworks/${FRAMEWORK_NAME}.framework \\\n  -output ${OUTPUT_DIC}/${FRAMEWORK_NAME}.xcframework\n";
		};
		D706BAF80998682914D302B0 /* [CP] Embed Pods Frameworks */ = {
			isa = PBXShellScriptBuildPhase;
			buildActionMask = 2147483647;
			files = (
			);
			inputFileListPaths = (
				"${PODS_ROOT}/Target Support Files/Pods-EasyMQTTKit-EasyMQTTKitTests/Pods-EasyMQTTKit-EasyMQTTKitTests-frameworks-${CONFIGURATION}-input-files.xcfilelist",
			);
			name = "[CP] Embed Pods Frameworks";
			outputFileListPaths = (
				"${PODS_ROOT}/Target Support Files/Pods-EasyMQTTKit-EasyMQTTKitTests/Pods-EasyMQTTKit-EasyMQTTKitTests-frameworks-${CONFIGURATION}-output-files.xcfilelist",
			);
			runOnlyForDeploymentPostprocessing = 0;
			shellPath = /bin/sh;
			shellScript = "\"${PODS_ROOT}/Target Support Files/Pods-EasyMQTTKit-EasyMQTTKitTests/Pods-EasyMQTTKit-EasyMQTTKitTests-frameworks.sh\"\n";
			showEnvVarsInLog = 0;
		};
/* End PBXShellScriptBuildPhase section */

/* Begin PBXSourcesBuildPhase section */
		683713F0258F34B600305CB0 /* Sources */ = {
			isa = PBXSourcesBuildPhase;
			buildActionMask = 2147483647;
			files = (
				6837141D258F34E500305CB0 /* EasyMqttClient.swift in Sources */,
				68371417258F34E500305CB0 /* MqttBroker.swift in Sources */,
				68371418258F34E500305CB0 /* OSLog+logs.swift in Sources */,
				68371419258F34E500305CB0 /* MQTTMessageModel.swift in Sources */,
				68371479258F39CB00305CB0 /* Constants.swift in Sources */,
				6837141B258F34E500305CB0 /* PublishMqttMessageModel.swift in Sources */,
				68371475258F398400305CB0 /* Storage.swift in Sources */,
			);
			runOnlyForDeploymentPostprocessing = 0;
		};
		683713F9258F34B600305CB0 /* Sources */ = {
			isa = PBXSourcesBuildPhase;
			buildActionMask = 2147483647;
			files = (
				68371403258F34B600305CB0 /* EasyMQTTKitTests.swift in Sources */,
			);
			runOnlyForDeploymentPostprocessing = 0;
		};
/* End PBXSourcesBuildPhase section */

/* Begin PBXTargetDependency section */
		68371400258F34B600305CB0 /* PBXTargetDependency */ = {
			isa = PBXTargetDependency;
			target = 683713F3258F34B600305CB0 /* EasyMQTTKit */;
			targetProxy = 683713FF258F34B600305CB0 /* PBXContainerItemProxy */;
		};
/* End PBXTargetDependency section */

/* Begin XCBuildConfiguration section */
		68371406258F34B600305CB0 /* Debug */ = {
			isa = XCBuildConfiguration;
			buildSettings = {
				ALWAYS_SEARCH_USER_PATHS = NO;
				CLANG_ANALYZER_NONNULL = YES;
				CLANG_ANALYZER_NUMBER_OBJECT_CONVERSION = YES_AGGRESSIVE;
				CLANG_CXX_LANGUAGE_STANDARD = "gnu++14";
				CLANG_CXX_LIBRARY = "libc++";
				CLANG_ENABLE_MODULES = YES;
				CLANG_ENABLE_OBJC_ARC = YES;
				CLANG_ENABLE_OBJC_WEAK = YES;
				CLANG_WARN_BLOCK_CAPTURE_AUTORELEASING = YES;
				CLANG_WARN_BOOL_CONVERSION = YES;
				CLANG_WARN_COMMA = YES;
				CLANG_WARN_CONSTANT_CONVERSION = YES;
				CLANG_WARN_DEPRECATED_OBJC_IMPLEMENTATIONS = YES;
				CLANG_WARN_DIRECT_OBJC_ISA_USAGE = YES_ERROR;
				CLANG_WARN_DOCUMENTATION_COMMENTS = YES;
				CLANG_WARN_EMPTY_BODY = YES;
				CLANG_WARN_ENUM_CONVERSION = YES;
				CLANG_WARN_INFINITE_RECURSION = YES;
				CLANG_WARN_INT_CONVERSION = YES;
				CLANG_WARN_NON_LITERAL_NULL_CONVERSION = YES;
				CLANG_WARN_OBJC_IMPLICIT_RETAIN_SELF = YES;
				CLANG_WARN_OBJC_LITERAL_CONVERSION = YES;
				CLANG_WARN_OBJC_ROOT_CLASS = YES_ERROR;
				CLANG_WARN_QUOTED_INCLUDE_IN_FRAMEWORK_HEADER = YES;
				CLANG_WARN_RANGE_LOOP_ANALYSIS = YES;
				CLANG_WARN_STRICT_PROTOTYPES = YES;
				CLANG_WARN_SUSPICIOUS_MOVE = YES;
				CLANG_WARN_UNGUARDED_AVAILABILITY = YES_AGGRESSIVE;
				CLANG_WARN_UNREACHABLE_CODE = YES;
				CLANG_WARN__DUPLICATE_METHOD_MATCH = YES;
				COPY_PHASE_STRIP = NO;
				CURRENT_PROJECT_VERSION = 1;
				DEBUG_INFORMATION_FORMAT = dwarf;
				ENABLE_STRICT_OBJC_MSGSEND = YES;
				ENABLE_TESTABILITY = YES;
				GCC_C_LANGUAGE_STANDARD = gnu11;
				GCC_DYNAMIC_NO_PIC = NO;
				GCC_NO_COMMON_BLOCKS = YES;
				GCC_OPTIMIZATION_LEVEL = 0;
				GCC_PREPROCESSOR_DEFINITIONS = (
					"DEBUG=1",
					"$(inherited)",
				);
				GCC_WARN_64_TO_32_BIT_CONVERSION = YES;
				GCC_WARN_ABOUT_RETURN_TYPE = YES_ERROR;
				GCC_WARN_UNDECLARED_SELECTOR = YES;
				GCC_WARN_UNINITIALIZED_AUTOS = YES_AGGRESSIVE;
				GCC_WARN_UNUSED_FUNCTION = YES;
				GCC_WARN_UNUSED_VARIABLE = YES;
				IPHONEOS_DEPLOYMENT_TARGET = 14.2;
				MTL_ENABLE_DEBUG_INFO = INCLUDE_SOURCE;
				MTL_FAST_MATH = YES;
				ONLY_ACTIVE_ARCH = YES;
				SDKROOT = iphoneos;
				SWIFT_ACTIVE_COMPILATION_CONDITIONS = DEBUG;
				SWIFT_OPTIMIZATION_LEVEL = "-Onone";
				VERSIONING_SYSTEM = "apple-generic";
				VERSION_INFO_PREFIX = "";
			};
			name = Debug;
		};
		68371407258F34B600305CB0 /* Release */ = {
			isa = XCBuildConfiguration;
			buildSettings = {
				ALWAYS_SEARCH_USER_PATHS = NO;
				CLANG_ANALYZER_NONNULL = YES;
				CLANG_ANALYZER_NUMBER_OBJECT_CONVERSION = YES_AGGRESSIVE;
				CLANG_CXX_LANGUAGE_STANDARD = "gnu++14";
				CLANG_CXX_LIBRARY = "libc++";
				CLANG_ENABLE_MODULES = YES;
				CLANG_ENABLE_OBJC_ARC = YES;
				CLANG_ENABLE_OBJC_WEAK = YES;
				CLANG_WARN_BLOCK_CAPTURE_AUTORELEASING = YES;
				CLANG_WARN_BOOL_CONVERSION = YES;
				CLANG_WARN_COMMA = YES;
				CLANG_WARN_CONSTANT_CONVERSION = YES;
				CLANG_WARN_DEPRECATED_OBJC_IMPLEMENTATIONS = YES;
				CLANG_WARN_DIRECT_OBJC_ISA_USAGE = YES_ERROR;
				CLANG_WARN_DOCUMENTATION_COMMENTS = YES;
				CLANG_WARN_EMPTY_BODY = YES;
				CLANG_WARN_ENUM_CONVERSION = YES;
				CLANG_WARN_INFINITE_RECURSION = YES;
				CLANG_WARN_INT_CONVERSION = YES;
				CLANG_WARN_NON_LITERAL_NULL_CONVERSION = YES;
				CLANG_WARN_OBJC_IMPLICIT_RETAIN_SELF = YES;
				CLANG_WARN_OBJC_LITERAL_CONVERSION = YES;
				CLANG_WARN_OBJC_ROOT_CLASS = YES_ERROR;
				CLANG_WARN_QUOTED_INCLUDE_IN_FRAMEWORK_HEADER = YES;
				CLANG_WARN_RANGE_LOOP_ANALYSIS = YES;
				CLANG_WARN_STRICT_PROTOTYPES = YES;
				CLANG_WARN_SUSPICIOUS_MOVE = YES;
				CLANG_WARN_UNGUARDED_AVAILABILITY = YES_AGGRESSIVE;
				CLANG_WARN_UNREACHABLE_CODE = YES;
				CLANG_WARN__DUPLICATE_METHOD_MATCH = YES;
				COPY_PHASE_STRIP = NO;
				CURRENT_PROJECT_VERSION = 1;
				DEBUG_INFORMATION_FORMAT = "dwarf-with-dsym";
				ENABLE_NS_ASSERTIONS = NO;
				ENABLE_STRICT_OBJC_MSGSEND = YES;
				GCC_C_LANGUAGE_STANDARD = gnu11;
				GCC_NO_COMMON_BLOCKS = YES;
				GCC_WARN_64_TO_32_BIT_CONVERSION = YES;
				GCC_WARN_ABOUT_RETURN_TYPE = YES_ERROR;
				GCC_WARN_UNDECLARED_SELECTOR = YES;
				GCC_WARN_UNINITIALIZED_AUTOS = YES_AGGRESSIVE;
				GCC_WARN_UNUSED_FUNCTION = YES;
				GCC_WARN_UNUSED_VARIABLE = YES;
				IPHONEOS_DEPLOYMENT_TARGET = 14.2;
				MTL_ENABLE_DEBUG_INFO = NO;
				MTL_FAST_MATH = YES;
				SDKROOT = iphoneos;
				SWIFT_COMPILATION_MODE = wholemodule;
				SWIFT_OPTIMIZATION_LEVEL = "-O";
				VALIDATE_PRODUCT = YES;
				VERSIONING_SYSTEM = "apple-generic";
				VERSION_INFO_PREFIX = "";
			};
			name = Release;
		};
		68371409258F34B600305CB0 /* Debug */ = {
			isa = XCBuildConfiguration;
			baseConfigurationReference = CC771BA156D71088A7D825A8 /* Pods-EasyMQTTKit.debug.xcconfig */;
			buildSettings = {
				BUILD_LIBRARY_FOR_DISTRIBUTION = YES;
				CLANG_ENABLE_MODULES = YES;
				CODE_SIGN_STYLE = Automatic;
				DEFINES_MODULE = YES;
				DEVELOPMENT_TEAM = 6Y9C574C9M;
				DYLIB_COMPATIBILITY_VERSION = 1;
				DYLIB_CURRENT_VERSION = 1;
				DYLIB_INSTALL_NAME_BASE = "@rpath";
				INFOPLIST_FILE = EasyMQTTKit/Info.plist;
				INSTALL_PATH = "$(LOCAL_LIBRARY_DIR)/Frameworks";
				IPHONEOS_DEPLOYMENT_TARGET = 13.4;
				LD_RUNPATH_SEARCH_PATHS = (
					"$(inherited)",
					"@executable_path/Frameworks",
					"@loader_path/Frameworks",
				);
				PRODUCT_BUNDLE_IDENTIFIER = com.hotky.EasyMQTTKit;
				PRODUCT_NAME = "$(TARGET_NAME:c99extidentifier)";
				SKIP_INSTALL = YES;
				SWIFT_OPTIMIZATION_LEVEL = "-Onone";
				SWIFT_VERSION = 5.0;
				TARGETED_DEVICE_FAMILY = "1,2";
			};
			name = Debug;
		};
		6837140A258F34B600305CB0 /* Release */ = {
			isa = XCBuildConfiguration;
			baseConfigurationReference = 6942F407A61B1B3C5ED397DF /* Pods-EasyMQTTKit.release.xcconfig */;
			buildSettings = {
				BUILD_LIBRARY_FOR_DISTRIBUTION = YES;
				CLANG_ENABLE_MODULES = YES;
				CODE_SIGN_STYLE = Automatic;
				DEFINES_MODULE = YES;
				DEVELOPMENT_TEAM = 6Y9C574C9M;
				DYLIB_COMPATIBILITY_VERSION = 1;
				DYLIB_CURRENT_VERSION = 1;
				DYLIB_INSTALL_NAME_BASE = "@rpath";
				INFOPLIST_FILE = EasyMQTTKit/Info.plist;
				INSTALL_PATH = "$(LOCAL_LIBRARY_DIR)/Frameworks";
				IPHONEOS_DEPLOYMENT_TARGET = 13.4;
				LD_RUNPATH_SEARCH_PATHS = (
					"$(inherited)",
					"@executable_path/Frameworks",
					"@loader_path/Frameworks",
				);
				PRODUCT_BUNDLE_IDENTIFIER = com.hotky.EasyMQTTKit;
				PRODUCT_NAME = "$(TARGET_NAME:c99extidentifier)";
				SKIP_INSTALL = YES;
				SWIFT_VERSION = 5.0;
				TARGETED_DEVICE_FAMILY = "1,2";
			};
			name = Release;
		};
		6837140C258F34B600305CB0 /* Debug */ = {
			isa = XCBuildConfiguration;
			baseConfigurationReference = 6801245748F95338D2E84B3F /* Pods-EasyMQTTKit-EasyMQTTKitTests.debug.xcconfig */;
			buildSettings = {
				ALWAYS_EMBED_SWIFT_STANDARD_LIBRARIES = YES;
				CODE_SIGN_STYLE = Automatic;
				DEVELOPMENT_TEAM = 3BKAAEFQ9S;
				INFOPLIST_FILE = EasyMQTTKitTests/Info.plist;
				LD_RUNPATH_SEARCH_PATHS = (
					"$(inherited)",
					"@executable_path/Frameworks",
					"@loader_path/Frameworks",
				);
				PRODUCT_BUNDLE_IDENTIFIER = com.hotky.EasyMQTTKitTests;
				PRODUCT_NAME = "$(TARGET_NAME)";
				SWIFT_VERSION = 5.0;
				TARGETED_DEVICE_FAMILY = "1,2";
			};
			name = Debug;
		};
		6837140D258F34B600305CB0 /* Release */ = {
			isa = XCBuildConfiguration;
			baseConfigurationReference = 85EEDECA78F30861C073DE01 /* Pods-EasyMQTTKit-EasyMQTTKitTests.release.xcconfig */;
			buildSettings = {
				ALWAYS_EMBED_SWIFT_STANDARD_LIBRARIES = YES;
				CODE_SIGN_STYLE = Automatic;
				DEVELOPMENT_TEAM = 3BKAAEFQ9S;
				INFOPLIST_FILE = EasyMQTTKitTests/Info.plist;
				LD_RUNPATH_SEARCH_PATHS = (
					"$(inherited)",
					"@executable_path/Frameworks",
					"@loader_path/Frameworks",
				);
				PRODUCT_BUNDLE_IDENTIFIER = com.hotky.EasyMQTTKitTests;
				PRODUCT_NAME = "$(TARGET_NAME)";
				SWIFT_VERSION = 5.0;
				TARGETED_DEVICE_FAMILY = "1,2";
			};
			name = Release;
		};
		81C7253325D46D3600FEC0C1 /* Debug */ = {
			isa = XCBuildConfiguration;
			buildSettings = {
				CODE_SIGN_STYLE = Automatic;
				DEVELOPMENT_TEAM = 6Y9C574C9M;
				PRODUCT_NAME = "$(TARGET_NAME)";
			};
			name = Debug;
		};
		81C7253425D46D3600FEC0C1 /* Release */ = {
			isa = XCBuildConfiguration;
			buildSettings = {
				CODE_SIGN_STYLE = Automatic;
				DEVELOPMENT_TEAM = 6Y9C574C9M;
				PRODUCT_NAME = "$(TARGET_NAME)";
			};
			name = Release;
		};
/* End XCBuildConfiguration section */

/* Begin XCConfigurationList section */
		683713EE258F34B600305CB0 /* Build configuration list for PBXProject "EasyMQTTKit" */ = {
			isa = XCConfigurationList;
			buildConfigurations = (
				68371406258F34B600305CB0 /* Debug */,
				68371407258F34B600305CB0 /* Release */,
			);
			defaultConfigurationIsVisible = 0;
			defaultConfigurationName = Release;
		};
		68371408258F34B600305CB0 /* Build configuration list for PBXNativeTarget "EasyMQTTKit" */ = {
			isa = XCConfigurationList;
			buildConfigurations = (
				68371409258F34B600305CB0 /* Debug */,
				6837140A258F34B600305CB0 /* Release */,
			);
			defaultConfigurationIsVisible = 0;
			defaultConfigurationName = Release;
		};
		6837140B258F34B600305CB0 /* Build configuration list for PBXNativeTarget "EasyMQTTKitTests" */ = {
			isa = XCConfigurationList;
			buildConfigurations = (
				6837140C258F34B600305CB0 /* Debug */,
				6837140D258F34B600305CB0 /* Release */,
			);
			defaultConfigurationIsVisible = 0;
			defaultConfigurationName = Release;
		};
		81C7253525D46D3600FEC0C1 /* Build configuration list for PBXAggregateTarget "AggregateFramework" */ = {
			isa = XCConfigurationList;
			buildConfigurations = (
				81C7253325D46D3600FEC0C1 /* Debug */,
				81C7253425D46D3600FEC0C1 /* Release */,
			);
			defaultConfigurationIsVisible = 0;
			defaultConfigurationName = Release;
		};
/* End XCConfigurationList section */
	};
	rootObject = 683713EB258F34B600305CB0 /* Project object */;
}
